
Microsoft Visual Studio Solution File, Format Version 12.00
# Visual Studio Version 17
VisualStudioVersion = 17.5.002.0
MinimumVisualStudioVersion = 10.0.40219.1
Project("{9A19103F-16F7-4668-BE54-9A1E7A4F7556}") = "WebApp", "WebApp\WebApp.csproj", "{E616766D-828E-4611-AECA-E7BD75BFD5E4}"
EndProject
Project("{FAE04EC0-301F-11D3-BF4B-00C04F79EFBC}") = "WebApi", "WebApi\WebApi.csproj", "{48AB4503-087D-41EA-B171-17270C6BA83F}"
EndProject
Global
	GlobalSection(SolutionConfigurationPlatforms) = preSolution
		Debug|Any CPU = Debug|Any CPU
		Release|Any CPU = Release|Any CPU
	EndGlobalSection
	GlobalSection(ProjectConfigurationPlatforms) = postSolution
		{E616766D-828E-4611-AECA-E7BD75BFD5E4}.Debug|Any CPU.ActiveCfg = Debug|Any CPU
		{E616766D-828E-4611-AECA-E7BD75BFD5E4}.Debug|Any CPU.Build.0 = Debug|Any CPU
		{E616766D-828E-4611-AECA-E7BD75BFD5E4}.Release|Any CPU.ActiveCfg = Release|Any CPU
		{E616766D-828E-4611-AECA-E7BD75BFD5E4}.Release|Any CPU.Build.0 = Release|Any CPU
		{9DCF030C-75D2-4224-ADFF-01B99E8D9097}.Debug|Any CPU.ActiveCfg = Debug|Any CPU
		{9DCF030C-75D2-4224-ADFF-01B99E8D9097}.Debug|Any CPU.Build.0 = Debug|Any CPU
		{9DCF030C-75D2-4224-ADFF-01B99E8D9097}.Release|Any CPU.ActiveCfg = Release|Any CPU
		{9DCF030C-75D2-4224-ADFF-01B99E8D9097}.Release|Any CPU.Build.0 = Release|Any CPU
	EndGlobalSection
	GlobalSection(SolutionProperties) = preSolution
		HideSolutionNode = FALSE
	EndGlobalSection
	GlobalSection(ExtensibilityGlobals) = postSolution
		SolutionGuid = {7D884894-C20D-405F-8F50-77CB740B5DCF}
	EndGlobalSection
EndGlobal
